
Microsoft Visual Studio Solution File, Format Version 12.00
# Visual Studio Version 17
VisualStudioVersion = 17.12.35707.178 d17.12
MinimumVisualStudioVersion = 10.0.40219.1
Project("{FAE04EC0-301F-11D3-BF4B-00C04F79EFBC}") = "Nirajan_A2_Task2", "Nirajan_A2_Task2.csproj", "{647009D7-DA1E-471E-B19B-B332937AEF43}"
EndProject
Global
	GlobalSection(SolutionConfigurationPlatforms) = preSolution
		Debug|Any CPU = Debug|Any CPU
		Release|Any CPU = Release|Any CPU
	EndGlobalSection
	GlobalSection(ProjectConfigurationPlatforms) = postSolution
		{647009D7-DA1E-471E-B19B-B332937AEF43}.Debug|Any CPU.ActiveCfg = Debug|Any CPU
		{647009D7-DA1E-471E-B19B-B332937AEF43}.Debug|Any CPU.Build.0 = Debug|Any CPU
		{647009D7-DA1E-471E-B19B-B332937AEF43}.Release|Any CPU.ActiveCfg = Release|Any CPU
		{647009D7-DA1E-471E-B19B-B332937AEF43}.Release|Any CPU.Build.0 = Release|Any CPU
	EndGlobalSection
	GlobalSection(SolutionProperties) = preSolution
		HideSolutionNode = FALSE
	EndGlobalSection
EndGlobal
